// !$*UTF8*$!
{
	archiveVersion = 1;
	classes = {
	};
	objectVersion = 46;
	objects = {

/* Begin PBXBuildFile section */
		EA8382141F0811C500A65036 /* AppDelegate.swift in Sources */ = {isa = PBXBuildFile; fileRef = EA8382131F0811C500A65036 /* AppDelegate.swift */; };
		EA8382161F0811C500A65036 /* RecordAudioViewController.swift in Sources */ = {isa = PBXBuildFile; fileRef = EA8382151F0811C500A65036 /* RecordAudioViewController.swift */; };
		EA8382191F0811C500A65036 /* Main.storyboard in Resources */ = {isa = PBXBuildFile; fileRef = EA8382171F0811C500A65036 /* Main.storyboard */; };
		EA83821B1F0811C500A65036 /* Assets.xcassets in Resources */ = {isa = PBXBuildFile; fileRef = EA83821A1F0811C500A65036 /* Assets.xcassets */; };
		EA83821E1F0811C500A65036 /* LaunchScreen.storyboard in Resources */ = {isa = PBXBuildFile; fileRef = EA83821C1F0811C500A65036 /* LaunchScreen.storyboard */; };
		EA8382291F0811C500A65036 /* FunnyApp04Tests.swift in Sources */ = {isa = PBXBuildFile; fileRef = EA8382281F0811C500A65036 /* FunnyApp04Tests.swift */; };
		EA8382341F0811C500A65036 /* FunnyApp04UITests.swift in Sources */ = {isa = PBXBuildFile; fileRef = EA8382331F0811C500A65036 /* FunnyApp04UITests.swift */; };
		EA8382421F08ACAB00A65036 /* PlaySoundUiController.swift in Sources */ = {isa = PBXBuildFile; fileRef = EA8382411F08ACAB00A65036 /* PlaySoundUiController.swift */; };
		EA8382461F0A99CE00A65036 /* PlaysoundsViewController+Audio.swift in Sources */ = {isa = PBXBuildFile; fileRef = EA8382451F0A99CE00A65036 /* PlaysoundsViewController+Audio.swift */; };
/* End PBXBuildFile section */

/* Begin PBXContainerItemProxy section */
		EA8382251F0811C500A65036 /* PBXContainerItemProxy */ = {
			isa = PBXContainerItemProxy;
			containerPortal = EA8382081F0811C500A65036 /* Project object */;
			proxyType = 1;
			remoteGlobalIDString = EA83820F1F0811C500A65036;
			remoteInfo = FunnyApp04;
		};
		EA8382301F0811C500A65036 /* PBXContainerItemProxy */ = {
			isa = PBXContainerItemProxy;
			containerPortal = EA8382081F0811C500A65036 /* Project object */;
			proxyType = 1;
			remoteGlobalIDString = EA83820F1F0811C500A65036;
			remoteInfo = FunnyApp04;
		};
/* End PBXContainerItemProxy section */

/* Begin PBXFileReference section */
		EA8382101F0811C500A65036 /* FunnyApp04.app */ = {isa = PBXFileReference; explicitFileType = wrapper.application; includeInIndex = 0; path = FunnyApp04.app; sourceTree = BUILT_PRODUCTS_DIR; };
		EA8382131F0811C500A65036 /* AppDelegate.swift */ = {isa = PBXFileReference; lastKnownFileType = sourcecode.swift; path = AppDelegate.swift; sourceTree = "<group>"; };
		EA8382151F0811C500A65036 /* RecordAudioViewController.swift */ = {isa = PBXFileReference; lastKnownFileType = sourcecode.swift; path = RecordAudioViewController.swift; sourceTree = "<group>"; };
		EA8382181F0811C500A65036 /* Base */ = {isa = PBXFileReference; lastKnownFileType = file.storyboard; name = Base; path = Base.lproj/Main.storyboard; sourceTree = "<group>"; };
		EA83821A1F0811C500A65036 /* Assets.xcassets */ = {isa = PBXFileReference; lastKnownFileType = folder.assetcatalog; path = Assets.xcassets; sourceTree = "<group>"; };
		EA83821D1F0811C500A65036 /* Base */ = {isa = PBXFileReference; lastKnownFileType = file.storyboard; name = Base; path = Base.lproj/LaunchScreen.storyboard; sourceTree = "<group>"; };
		EA83821F1F0811C500A65036 /* Info.plist */ = {isa = PBXFileReference; lastKnownFileType = text.plist.xml; path = Info.plist; sourceTree = "<group>"; };
		EA8382241F0811C500A65036 /* FunnyApp04Tests.xctest */ = {isa = PBXFileReference; explicitFileType = wrapper.cfbundle; includeInIndex = 0; path = FunnyApp04Tests.xctest; sourceTree = BUILT_PRODUCTS_DIR; };
		EA8382281F0811C500A65036 /* FunnyApp04Tests.swift */ = {isa = PBXFileReference; lastKnownFileType = sourcecode.swift; path = FunnyApp04Tests.swift; sourceTree = "<group>"; };
		EA83822A1F0811C500A65036 /* Info.plist */ = {isa = PBXFileReference; lastKnownFileType = text.plist.xml; path = Info.plist; sourceTree = "<group>"; };
		EA83822F1F0811C500A65036 /* FunnyApp04UITests.xctest */ = {isa = PBXFileReference; explicitFileType = wrapper.cfbundle; includeInIndex = 0; path = FunnyApp04UITests.xctest; sourceTree = BUILT_PRODUCTS_DIR; };
		EA8382331F0811C500A65036 /* FunnyApp04UITests.swift */ = {isa = PBXFileReference; lastKnownFileType = sourcecode.swift; path = FunnyApp04UITests.swift; sourceTree = "<group>"; };
		EA8382351F0811C500A65036 /* Info.plist */ = {isa = PBXFileReference; lastKnownFileType = text.plist.xml; path = Info.plist; sourceTree = "<group>"; };
		EA8382411F08ACAB00A65036 /* PlaySoundUiController.swift */ = {isa = PBXFileReference; fileEncoding = 4; lastKnownFileType = sourcecode.swift; path = PlaySoundUiController.swift; sourceTree = "<group>"; };
		EA8382451F0A99CE00A65036 /* PlaysoundsViewController+Audio.swift */ = {isa = PBXFileReference; fileEncoding = 4; lastKnownFileType = sourcecode.swift; path = "PlaysoundsViewController+Audio.swift"; sourceTree = "<group>"; };
/* End PBXFileReference section */

/* Begin PBXFrameworksBuildPhase section */
		EA83820D1F0811C500A65036 /* Frameworks */ = {
			isa = PBXFrameworksBuildPhase;
			buildActionMask = 2147483647;
			files = (
			);
			runOnlyForDeploymentPostprocessing = 0;
		};
		EA8382211F0811C500A65036 /* Frameworks */ = {
			isa = PBXFrameworksBuildPhase;
			buildActionMask = 2147483647;
			files = (
			);
			runOnlyForDeploymentPostprocessing = 0;
		};
		EA83822C1F0811C500A65036 /* Frameworks */ = {
			isa = PBXFrameworksBuildPhase;
			buildActionMask = 2147483647;
			files = (
			);
			runOnlyForDeploymentPostprocessing = 0;
		};
/* End PBXFrameworksBuildPhase section */

/* Begin PBXGroup section */
		EA8382071F0811C500A65036 = {
			isa = PBXGroup;
			children = (
				EA8382121F0811C500A65036 /* FunnyApp04 */,
				EA8382271F0811C500A65036 /* FunnyApp04Tests */,
				EA8382321F0811C500A65036 /* FunnyApp04UITests */,
				EA8382111F0811C500A65036 /* Products */,
			);
			sourceTree = "<group>";
		};
		EA8382111F0811C500A65036 /* Products */ = {
			isa = PBXGroup;
			children = (
				EA8382101F0811C500A65036 /* FunnyApp04.app */,
				EA8382241F0811C500A65036 /* FunnyApp04Tests.xctest */,
				EA83822F1F0811C500A65036 /* FunnyApp04UITests.xctest */,
			);
			name = Products;
			sourceTree = "<group>";
		};
		EA8382121F0811C500A65036 /* FunnyApp04 */ = {
			isa = PBXGroup;
			children = (
				EA8382451F0A99CE00A65036 /* PlaysoundsViewController+Audio.swift */,
				EA8382131F0811C500A65036 /* AppDelegate.swift */,
				EA8382151F0811C500A65036 /* RecordAudioViewController.swift */,
				EA8382171F0811C500A65036 /* Main.storyboard */,
				EA83821A1F0811C500A65036 /* Assets.xcassets */,
				EA83821C1F0811C500A65036 /* LaunchScreen.storyboard */,
				EA83821F1F0811C500A65036 /* Info.plist */,
				EA8382411F08ACAB00A65036 /* PlaySoundUiController.swift */,
			);
			path = FunnyApp04;
			sourceTree = "<group>";
		};
		EA8382271F0811C500A65036 /* FunnyApp04Tests */ = {
			isa = PBXGroup;
			children = (
				EA8382281F0811C500A65036 /* FunnyApp04Tests.swift */,
				EA83822A1F0811C500A65036 /* Info.plist */,
			);
			path = FunnyApp04Tests;
			sourceTree = "<group>";
		};
		EA8382321F0811C500A65036 /* FunnyApp04UITests */ = {
			isa = PBXGroup;
			children = (
				EA8382331F0811C500A65036 /* FunnyApp04UITests.swift */,
				EA8382351F0811C500A65036 /* Info.plist */,
			);
			path = FunnyApp04UITests;
			sourceTree = "<group>";
		};
/* End PBXGroup section */

/* Begin PBXNativeTarget section */
		EA83820F1F0811C500A65036 /* FunnyApp04 */ = {
			isa = PBXNativeTarget;
			buildConfigurationList = EA8382381F0811C500A65036 /* Build configuration list for PBXNativeTarget "FunnyApp04" */;
			buildPhases = (
				EA83820C1F0811C500A65036 /* Sources */,
				EA83820D1F0811C500A65036 /* Frameworks */,
				EA83820E1F0811C500A65036 /* Resources */,
			);
			buildRules = (
			);
			dependencies = (
			);
			name = FunnyApp04;
			productName = FunnyApp04;
			productReference = EA8382101F0811C500A65036 /* FunnyApp04.app */;
			productType = "com.apple.product-type.application";
		};
		EA8382231F0811C500A65036 /* FunnyApp04Tests */ = {
			isa = PBXNativeTarget;
			buildConfigurationList = EA83823B1F0811C500A65036 /* Build configuration list for PBXNativeTarget "FunnyApp04Tests" */;
			buildPhases = (
				EA8382201F0811C500A65036 /* Sources */,
				EA8382211F0811C500A65036 /* Frameworks */,
				EA8382221F0811C500A65036 /* Resources */,
			);
			buildRules = (
			);
			dependencies = (
				EA8382261F0811C500A65036 /* PBXTargetDependency */,
			);
			name = FunnyApp04Tests;
			productName = FunnyApp04Tests;
			productReference = EA8382241F0811C500A65036 /* FunnyApp04Tests.xctest */;
			productType = "com.apple.product-type.bundle.unit-test";
		};
		EA83822E1F0811C500A65036 /* FunnyApp04UITests */ = {
			isa = PBXNativeTarget;
			buildConfigurationList = EA83823E1F0811C500A65036 /* Build configuration list for PBXNativeTarget "FunnyApp04UITests" */;
			buildPhases = (
				EA83822B1F0811C500A65036 /* Sources */,
				EA83822C1F0811C500A65036 /* Frameworks */,
				EA83822D1F0811C500A65036 /* Resources */,
			);
			buildRules = (
			);
			dependencies = (
				EA8382311F0811C500A65036 /* PBXTargetDependency */,
			);
			name = FunnyApp04UITests;
			productName = FunnyApp04UITests;
			productReference = EA83822F1F0811C500A65036 /* FunnyApp04UITests.xctest */;
			productType = "com.apple.product-type.bundle.ui-testing";
		};
/* End PBXNativeTarget section */

/* Begin PBXProject section */
		EA8382081F0811C500A65036 /* Project object */ = {
			isa = PBXProject;
			attributes = {
				LastSwiftUpdateCheck = 0830;
				LastUpgradeCheck = 0830;
				ORGANIZATIONNAME = "蒋航";
				TargetAttributes = {
					EA83820F1F0811C500A65036 = {
						CreatedOnToolsVersion = 8.3.3;
						DevelopmentTeam = QR4X9EVF6V;
						ProvisioningStyle = Automatic;
					};
					EA8382231F0811C500A65036 = {
						CreatedOnToolsVersion = 8.3.3;
						DevelopmentTeam = QR4X9EVF6V;
						ProvisioningStyle = Automatic;
						TestTargetID = EA83820F1F0811C500A65036;
					};
					EA83822E1F0811C500A65036 = {
						CreatedOnToolsVersion = 8.3.3;
						DevelopmentTeam = QR4X9EVF6V;
						ProvisioningStyle = Automatic;
						TestTargetID = EA83820F1F0811C500A65036;
					};
				};
			};
			buildConfigurationList = EA83820B1F0811C500A65036 /* Build configuration list for PBXProject "FunnyApp04" */;
			compatibilityVersion = "Xcode 3.2";
			developmentRegion = English;
			hasScannedForEncodings = 0;
			knownRegions = (
				en,
				Base,
			);
			mainGroup = EA8382071F0811C500A65036;
			productRefGroup = EA8382111F0811C500A65036 /* Products */;
			projectDirPath = "";
			projectRoot = "";
			targets = (
				EA83820F1F0811C500A65036 /* FunnyApp04 */,
				EA8382231F0811C500A65036 /* FunnyApp04Tests */,
				EA83822E1F0811C500A65036 /* FunnyApp04UITests */,
			);
		};
/* End PBXProject section */

/* Begin PBXResourcesBuildPhase section */
		EA83820E1F0811C500A65036 /* Resources */ = {
			isa = PBXResourcesBuildPhase;
			buildActionMask = 2147483647;
			files = (
				EA83821E1F0811C500A65036 /* LaunchScreen.storyboard in Resources */,
				EA83821B1F0811C500A65036 /* Assets.xcassets in Resources */,
				EA8382191F0811C500A65036 /* Main.storyboard in Resources */,
			);
			runOnlyForDeploymentPostprocessing = 0;
		};
		EA8382221F0811C500A65036 /* Resources */ = {
			isa = PBXResourcesBuildPhase;
			buildActionMask = 2147483647;
			files = (
			);
			runOnlyForDeploymentPostprocessing = 0;
		};
		EA83822D1F0811C500A65036 /* Resources */ = {
			isa = PBXResourcesBuildPhase;
			buildActionMask = 2147483647;
			files = (
			);
			runOnlyForDeploymentPostprocessing = 0;
		};
/* End PBXResourcesBuildPhase section */

/* Begin PBXSourcesBuildPhase section */
		EA83820C1F0811C500A65036 /* Sources */ = {
			isa = PBXSourcesBuildPhase;
			buildActionMask = 2147483647;
			files = (
				EA8382161F0811C500A65036 /* RecordAudioViewController.swift in Sources */,
				EA8382461F0A99CE00A65036 /* PlaysoundsViewController+Audio.swift in Sources */,
				EA8382141F0811C500A65036 /* AppDelegate.swift in Sources */,
				EA8382421F08ACAB00A65036 /* PlaySoundUiController.swift in Sources */,
			);
			runOnlyForDeploymentPostprocessing = 0;
		};
		EA8382201F0811C500A65036 /* Sources */ = {
			isa = PBXSourcesBuildPhase;
			buildActionMask = 2147483647;
			files = (
				EA8382291F0811C500A65036 /* FunnyApp04Tests.swift in Sources */,
			);
			runOnlyForDeploymentPostprocessing = 0;
		};
		EA83822B1F0811C500A65036 /* Sources */ = {
			isa = PBXSourcesBuildPhase;
			buildActionMask = 2147483647;
			files = (
				EA8382341F0811C500A65036 /* FunnyApp04UITests.swift in Sources */,
			);
			runOnlyForDeploymentPostprocessing = 0;
		};
/* End PBXSourcesBuildPhase section */

/* Begin PBXTargetDependency section */
		EA8382261F0811C500A65036 /* PBXTargetDependency */ = {
			isa = PBXTargetDependency;
			target = EA83820F1F0811C500A65036 /* FunnyApp04 */;
			targetProxy = EA8382251F0811C500A65036 /* PBXContainerItemProxy */;
		};
		EA8382311F0811C500A65036 /* PBXTargetDependency */ = {
			isa = PBXTargetDependency;
			target = EA83820F1F0811C500A65036 /* FunnyApp04 */;
			targetProxy = EA8382301F0811C500A65036 /* PBXContainerItemProxy */;
		};
/* End PBXTargetDependency section */

/* Begin PBXVariantGroup section */
		EA8382171F0811C500A65036 /* Main.storyboard */ = {
			isa = PBXVariantGroup;
			children = (
				EA8382181F0811C500A65036 /* Base */,
			);
			name = Main.storyboard;
			sourceTree = "<group>";
		};
		EA83821C1F0811C500A65036 /* LaunchScreen.storyboard */ = {
			isa = PBXVariantGroup;
			children = (
				EA83821D1F0811C500A65036 /* Base */,
			);
			name = LaunchScreen.storyboard;
			sourceTree = "<group>";
		};
/* End PBXVariantGroup section */

/* Begin XCBuildConfiguration section */
		EA8382361F0811C500A65036 /* Debug */ = {
			isa = XCBuildConfiguration;
			buildSettings = {
				ALWAYS_SEARCH_USER_PATHS = NO;
				CLANG_ANALYZER_NONNULL = YES;
				CLANG_ANALYZER_NUMBER_OBJECT_CONVERSION = YES_AGGRESSIVE;
				CLANG_CXX_LANGUAGE_STANDARD = "gnu++0x";
				CLANG_CXX_LIBRARY = "libc++";
				CLANG_ENABLE_MODULES = YES;
				CLANG_ENABLE_OBJC_ARC = YES;
				CLANG_WARN_BOOL_CONVERSION = YES;
				CLANG_WARN_CONSTANT_CONVERSION = YES;
				CLANG_WARN_DIRECT_OBJC_ISA_USAGE = YES_ERROR;
				CLANG_WARN_DOCUMENTATION_COMMENTS = YES;
				CLANG_WARN_EMPTY_BODY = YES;
				CLANG_WARN_ENUM_CONVERSION = YES;
				CLANG_WARN_INFINITE_RECURSION = YES;
				CLANG_WARN_INT_CONVERSION = YES;
				CLANG_WARN_OBJC_ROOT_CLASS = YES_ERROR;
				CLANG_WARN_SUSPICIOUS_MOVE = YES;
				CLANG_WARN_UNREACHABLE_CODE = YES;
				CLANG_WARN__DUPLICATE_METHOD_MATCH = YES;
				"CODE_SIGN_IDENTITY[sdk=iphoneos*]" = "iPhone Developer";
				COPY_PHASE_STRIP = NO;
				DEBUG_INFORMATION_FORMAT = dwarf;
				ENABLE_STRICT_OBJC_MSGSEND = YES;
				ENABLE_TESTABILITY = YES;
				GCC_C_LANGUAGE_STANDARD = gnu99;
				GCC_DYNAMIC_NO_PIC = NO;
				GCC_NO_COMMON_BLOCKS = YES;
				GCC_OPTIMIZATION_LEVEL = 0;
				GCC_PREPROCESSOR_DEFINITIONS = (
					"DEBUG=1",
					"$(inherited)",
				);
				GCC_WARN_64_TO_32_BIT_CONVERSION = YES;
				GCC_WARN_ABOUT_RETURN_TYPE = YES_ERROR;
				GCC_WARN_UNDECLARED_SELECTOR = YES;
				GCC_WARN_UNINITIALIZED_AUTOS = YES_AGGRESSIVE;
				GCC_WARN_UNUSED_FUNCTION = YES;
				GCC_WARN_UNUSED_VARIABLE = YES;
				IPHONEOS_DEPLOYMENT_TARGET = 10.3;
				MTL_ENABLE_DEBUG_INFO = YES;
				ONLY_ACTIVE_ARCH = YES;
				SDKROOT = iphoneos;
				SWIFT_ACTIVE_COMPILATION_CONDITIONS = DEBUG;
				SWIFT_OPTIMIZATION_LEVEL = "-Onone";
			};
			name = Debug;
		};
		EA8382371F0811C500A65036 /* Release */ = {
			isa = XCBuildConfiguration;
			buildSettings = {
				ALWAYS_SEARCH_USER_PATHS = NO;
				CLANG_ANALYZER_NONNULL = YES;
				CLANG_ANALYZER_NUMBER_OBJECT_CONVERSION = YES_AGGRESSIVE;
				CLANG_CXX_LANGUAGE_STANDARD = "gnu++0x";
				CLANG_CXX_LIBRARY = "libc++";
				CLANG_ENABLE_MODULES = YES;
				CLANG_ENABLE_OBJC_ARC = YES;
				CLANG_WARN_BOOL_CONVERSION = YES;
				CLANG_WARN_CONSTANT_CONVERSION = YES;
				CLANG_WARN_DIRECT_OBJC_ISA_USAGE = YES_ERROR;
				CLANG_WARN_DOCUMENTATION_COMMENTS = YES;
				CLANG_WARN_EMPTY_BODY = YES;
				CLANG_WARN_ENUM_CONVERSION = YES;
				CLANG_WARN_INFINITE_RECURSION = YES;
				CLANG_WARN_INT_CONVERSION = YES;
				CLANG_WARN_OBJC_ROOT_CLASS = YES_ERROR;
				CLANG_WARN_SUSPICIOUS_MOVE = YES;
				CLANG_WARN_UNREACHABLE_CODE = YES;
				CLANG_WARN__DUPLICATE_METHOD_MATCH = YES;
				"CODE_SIGN_IDENTITY[sdk=iphoneos*]" = "iPhone Developer";
				COPY_PHASE_STRIP = NO;
				DEBUG_INFORMATION_FORMAT = "dwarf-with-dsym";
				ENABLE_NS_ASSERTIONS = NO;
				ENABLE_STRICT_OBJC_MSGSEND = YES;
				GCC_C_LANGUAGE_STANDARD = gnu99;
				GCC_NO_COMMON_BLOCKS = YES;
				GCC_WARN_64_TO_32_BIT_CONVERSION = YES;
				GCC_WARN_ABOUT_RETURN_TYPE = YES_ERROR;
				GCC_WARN_UNDECLARED_SELECTOR = YES;
				GCC_WARN_UNINITIALIZED_AUTOS = YES_AGGRESSIVE;
				GCC_WARN_UNUSED_FUNCTION = YES;
				GCC_WARN_UNUSED_VARIABLE = YES;
				IPHONEOS_DEPLOYMENT_TARGET = 10.3;
				MTL_ENABLE_DEBUG_INFO = NO;
				SDKROOT = iphoneos;
				SWIFT_OPTIMIZATION_LEVEL = "-Owholemodule";
				VALIDATE_PRODUCT = YES;
			};
			name = Release;
		};
		EA8382391F0811C500A65036 /* Debug */ = {
			isa = XCBuildConfiguration;
			buildSettings = {
				ASSETCATALOG_COMPILER_APPICON_NAME = AppIcon;
				DEVELOPMENT_TEAM = QR4X9EVF6V;
				INFOPLIST_FILE = FunnyApp04/Info.plist;
				LD_RUNPATH_SEARCH_PATHS = "$(inherited) @executable_path/Frameworks";
				PRODUCT_BUNDLE_IDENTIFIER = hanlyjiang.github.FunnyApp04;
				PRODUCT_NAME = "$(TARGET_NAME)";
				SWIFT_VERSION = 3.0;
				TARGETED_DEVICE_FAMILY = "1,2";
			};
			name = Debug;
		};
		EA83823A1F0811C500A65036 /* Release */ = {
			isa = XCBuildConfiguration;
			buildSettings = {
				ASSETCATALOG_COMPILER_APPICON_NAME = AppIcon;
				DEVELOPMENT_TEAM = QR4X9EVF6V;
				INFOPLIST_FILE = FunnyApp04/Info.plist;
				LD_RUNPATH_SEARCH_PATHS = "$(inherited) @executable_path/Frameworks";
				PRODUCT_BUNDLE_IDENTIFIER = hanlyjiang.github.FunnyApp04;
				PRODUCT_NAME = "$(TARGET_NAME)";
				SWIFT_VERSION = 3.0;
				TARGETED_DEVICE_FAMILY = "1,2";
			};
			name = Release;
		};
		EA83823C1F0811C500A65036 /* Debug */ = {
			isa = XCBuildConfiguration;
			buildSettings = {
				ALWAYS_EMBED_SWIFT_STANDARD_LIBRARIES = YES;
				BUNDLE_LOADER = "$(TEST_HOST)";
				DEVELOPMENT_TEAM = QR4X9EVF6V;
				INFOPLIST_FILE = FunnyApp04Tests/Info.plist;
				LD_RUNPATH_SEARCH_PATHS = "$(inherited) @executable_path/Frameworks @loader_path/Frameworks";
				PRODUCT_BUNDLE_IDENTIFIER = hanlyjiang.github.FunnyApp04Tests;
				PRODUCT_NAME = "$(TARGET_NAME)";
				SWIFT_VERSION = 3.0;
				TEST_HOST = "$(BUILT_PRODUCTS_DIR)/FunnyApp04.app/FunnyApp04";
			};
			name = Debug;
		};
		EA83823D1F0811C500A65036 /* Release */ = {
			isa = XCBuildConfiguration;
			buildSettings = {
				ALWAYS_EMBED_SWIFT_STANDARD_LIBRARIES = YES;
				BUNDLE_LOADER = "$(TEST_HOST)";
				DEVELOPMENT_TEAM = QR4X9EVF6V;
				INFOPLIST_FILE = FunnyApp04Tests/Info.plist;
				LD_RUNPATH_SEARCH_PATHS = "$(inherited) @executable_path/Frameworks @loader_path/Frameworks";
				PRODUCT_BUNDLE_IDENTIFIER = hanlyjiang.github.FunnyApp04Tests;
				PRODUCT_NAME = "$(TARGET_NAME)";
				SWIFT_VERSION = 3.0;
				TEST_HOST = "$(BUILT_PRODUCTS_DIR)/FunnyApp04.app/FunnyApp04";
			};
			name = Release;
		};
		EA83823F1F0811C500A65036 /* Debug */ = {
			isa = XCBuildConfiguration;
			buildSettings = {
				ALWAYS_EMBED_SWIFT_STANDARD_LIBRARIES = YES;
				DEVELOPMENT_TEAM = QR4X9EVF6V;
				INFOPLIST_FILE = FunnyApp04UITests/Info.plist;
				LD_RUNPATH_SEARCH_PATHS = "$(inherited) @executable_path/Frameworks @loader_path/Frameworks";
				PRODUCT_BUNDLE_IDENTIFIER = hanlyjiang.github.FunnyApp04UITests;
				PRODUCT_NAME = "$(TARGET_NAME)";
				SWIFT_VERSION = 3.0;
				TEST_TARGET_NAME = FunnyApp04;
			};
			name = Debug;
		};
		EA8382401F0811C500A65036 /* Release */ = {
			isa = XCBuildConfiguration;
			buildSettings = {
				ALWAYS_EMBED_SWIFT_STANDARD_LIBRARIES = YES;
				DEVELOPMENT_TEAM = QR4X9EVF6V;
				INFOPLIST_FILE = FunnyApp04UITests/Info.plist;
				LD_RUNPATH_SEARCH_PATHS = "$(inherited) @executable_path/Frameworks @loader_path/Frameworks";
				PRODUCT_BUNDLE_IDENTIFIER = hanlyjiang.github.FunnyApp04UITests;
				PRODUCT_NAME = "$(TARGET_NAME)";
				SWIFT_VERSION = 3.0;
				TEST_TARGET_NAME = FunnyApp04;
			};
			name = Release;
		};
/* End XCBuildConfiguration section */

/* Begin XCConfigurationList section */
		EA83820B1F0811C500A65036 /* Build configuration list for PBXProject "FunnyApp04" */ = {
			isa = XCConfigurationList;
			buildConfigurations = (
				EA8382361F0811C500A65036 /* Debug */,
				EA8382371F0811C500A65036 /* Release */,
			);
			defaultConfigurationIsVisible = 0;
			defaultConfigurationName = Release;
		};
		EA8382381F0811C500A65036 /* Build configuration list for PBXNativeTarget "FunnyApp04" */ = {
			isa = XCConfigurationList;
			buildConfigurations = (
				EA8382391F0811C500A65036 /* Debug */,
				EA83823A1F0811C500A65036 /* Release */,
			);
			defaultConfigurationIsVisible = 0;
		};
		EA83823B1F0811C500A65036 /* Build configuration list for PBXNativeTarget "FunnyApp04Tests" */ = {
			isa = XCConfigurationList;
			buildConfigurations = (
				EA83823C1F0811C500A65036 /* Debug */,
				EA83823D1F0811C500A65036 /* Release */,
			);
			defaultConfigurationIsVisible = 0;
		};
		EA83823E1F0811C500A65036 /* Build configuration list for PBXNativeTarget "FunnyApp04UITests" */ = {
			isa = XCConfigurationList;
			buildConfigurations = (
				EA83823F1F0811C500A65036 /* Debug */,
				EA8382401F0811C500A65036 /* Release */,
			);
			defaultConfigurationIsVisible = 0;
		};
/* End XCConfigurationList section */
	};
	rootObject = EA8382081F0811C500A65036 /* Project object */;
}
